{
  "name": "atlasofdata-logo",
  "version": "1.0.0",
  "lockfileVersion": 1,
  "requires": true,
  "dependencies": {
    "array-source": {
      "version": "0.0.4",
      "resolved": "https://registry.npmjs.org/array-source/-/array-source-0.0.4.tgz",
      "integrity": "sha512-frNdc+zBn80vipY+GdcJkLEbMWj3xmzArYApmUGxoiV8uAu/ygcs9icPdsGdA26h0MkHUMW6EN2piIvVx+M5Mw=="
    },
    "commander": {
      "version": "2.19.0",
      "resolved": "https://registry.npmjs.org/commander/-/commander-2.19.0.tgz",
      "integrity": "sha512-6tvAOO+D6OENvRAh524Dh9jcfKTYDQAqvqezbCW82xj5X0pSrcpxtvRKHLG0yBY6SD7PSDrJaj+0AiOcKVd1Xg=="
    },
    "file-source": {
      "version": "0.6.1",
      "resolved": "https://registry.npmjs.org/file-source/-/file-source-0.6.1.tgz",
      "integrity": "sha1-rhidSZN2a4Zad/g63Pm5pQTNN9w=",
      "requires": {
        "stream-source": "0.3.5"
      }
    },
    "graceful-fs": {
      "version": "4.1.15",
      "resolved": "https://registry.npmjs.org/graceful-fs/-/graceful-fs-4.1.15.tgz",
      "integrity": "sha512-6uHUhOPEBgQ24HM+r6b/QwWfZq+yiFcipKFrOFiBEnWdy5sdzYoi+pJeQaPI5qOLRFqWmAXUPQNsielzdLoecA==",
      "optional": true
    },
    "jsonfile": {
      "version": "5.0.0",
      "resolved": "https://registry.npmjs.org/jsonfile/-/jsonfile-5.0.0.tgz",
      "integrity": "sha512-NQRZ5CRo74MhMMC3/3r5g2k4fjodJ/wh8MxjFbCViWKFjxrnudWSY5vomh+23ZaXzAS7J3fBZIR2dV6WbmfM0w==",
      "requires": {
        "graceful-fs": "4.1.15",
        "universalify": "0.1.2"
      }
    },
    "kdbush": {
      "version": "3.0.0",
      "resolved": "https://registry.npmjs.org/kdbush/-/kdbush-3.0.0.tgz",
      "integrity": "sha512-hRkd6/XW4HTsA9vjVpY9tuXJYLSlelnkTmVFu4M9/7MIYQtFcHpbugAU7UbOfjOiVSVYl2fqgBuJ32JUmRo5Ew=="
    },
    "path-source": {
      "version": "0.1.3",
      "resolved": "https://registry.npmjs.org/path-source/-/path-source-0.1.3.tgz",
      "integrity": "sha512-dWRHm5mIw5kw0cs3QZLNmpUWty48f5+5v9nWD2dw3Y0Hf+s01Ag8iJEWV0Sm0kocE8kK27DrIowha03e1YR+Qw==",
      "requires": {
        "array-source": "0.0.4",
        "file-source": "0.6.1"
      }
    },
    "shapefile": {
      "version": "0.6.6",
      "resolved": "https://registry.npmjs.org/shapefile/-/shapefile-0.6.6.tgz",
      "integrity": "sha512-rLGSWeK2ufzCVx05wYd+xrWnOOdSV7xNUW5/XFgx3Bc02hBkpMlrd2F1dDII7/jhWzv0MSyBFh5uJIy9hLdfuw==",
      "requires": {
        "array-source": "0.0.4",
        "commander": "2.19.0",
        "path-source": "0.1.3",
        "slice-source": "0.4.1",
        "stream-source": "0.3.5",
        "text-encoding": "0.6.4"
      }
    },
    "slice-source": {
      "version": "0.4.1",
      "resolved": "https://registry.npmjs.org/slice-source/-/slice-source-0.4.1.tgz",
      "integrity": "sha1-QKV6wDxmaLXaIA4FN44AC/KmHXk="
    },
    "stream-source": {
      "version": "0.3.5",
      "resolved": "https://registry.npmjs.org/stream-source/-/stream-source-0.3.5.tgz",
      "integrity": "sha512-ZuEDP9sgjiAwUVoDModftG0JtYiLUV8K4ljYD1VyUMRWtbVf92474o4kuuul43iZ8t/hRuiDAx1dIJSvirrK/g=="
    },
    "supercluster": {
      "version": "5.0.0",
      "resolved": "https://registry.npmjs.org/supercluster/-/supercluster-5.0.0.tgz",
      "integrity": "sha512-9eeD5Q3908+tqdz+wYHHzi5mLKgnqtpO5mrjUfqr67UmGuOwBtVoQ9pJJrfcVHwMwC0wEBvfNRF9PgFOZgsOpw==",
      "requires": {
        "kdbush": "3.0.0"
      }
    },
    "text-encoding": {
      "version": "0.6.4",
      "resolved": "https://registry.npmjs.org/text-encoding/-/text-encoding-0.6.4.tgz",
      "integrity": "sha1-45mpgiV6J22uQou5KEXLcb3CbRk="
    },
    "universalify": {
      "version": "0.1.2",
      "resolved": "https://registry.npmjs.org/universalify/-/universalify-0.1.2.tgz",
      "integrity": "sha512-rBJeI5CXAlmy1pV+617WB9J63U6XcazHHF2f2dbJix4XzpUF0RS3Zbj0FGIOCAva5P/d/GBOYaACQ1w+0azUkg=="
    }
  }
}
